
Microsoft Visual Studio Solution File, Format Version 12.00
# Visual Studio Version 17
VisualStudioVersion = 17.4.33103.184
MinimumVisualStudioVersion = 10.0.40219.1
Project("{9A19103F-16F7-4668-BE54-9A1E7A4F7556}") = "main_site", "main_site\main_site.csproj", "{989E6480-D51D-43EB-9E67-3710A8EDA5DD}"
EndProject
Global
	GlobalSection(SolutionConfigurationPlatforms) = preSolution
		Debug|Any CPU = Debug|Any CPU
		Release|Any CPU = Release|Any CPU
	EndGlobalSection
	GlobalSection(ProjectConfigurationPlatforms) = postSolution
		{989E6480-D51D-43EB-9E67-3710A8EDA5DD}.Debug|Any CPU.ActiveCfg = Debug|Any CPU
		{989E6480-D51D-43EB-9E67-3710A8EDA5DD}.Debug|Any CPU.Build.0 = Debug|Any CPU
		{989E6480-D51D-43EB-9E67-3710A8EDA5DD}.Release|Any CPU.ActiveCfg = Release|Any CPU
		{989E6480-D51D-43EB-9E67-3710A8EDA5DD}.Release|Any CPU.Build.0 = Release|Any CPU
	EndGlobalSection
	GlobalSection(SolutionProperties) = preSolution
		HideSolutionNode = FALSE
	EndGlobalSection
	GlobalSection(ExtensibilityGlobals) = postSolution
		SolutionGuid = {9D6A37F2-06F2-4BF9-AD38-C01A71CD587C}
	EndGlobalSection
EndGlobal
